
Microsoft Visual Studio Solution File, Format Version 12.00
# Visual Studio 15
VisualStudioVersion = 15.0.28307.1062
MinimumVisualStudioVersion = 10.0.40219.1
Project("{FAE04EC0-301F-11D3-BF4B-00C04F79EFBC}") = "AppPaper", "AppPaper\AppPaper.csproj", "{5E926560-087D-4036-B281-9F32548484FF}"
EndProject
Project("{FAE04EC0-301F-11D3-BF4B-00C04F79EFBC}") = "AppPaper.Core", "AppPaper.Core\AppPaper.Core.csproj", "{FC80DDF5-9963-406B-B356-2B219B1E459F}"
EndProject
Project("{FAE04EC0-301F-11D3-BF4B-00C04F79EFBC}") = "AppPaperApi", "AppPaperApi\AppPaperApi.csproj", "{9FF7692B-2BE4-423A-A18C-4D96C0CC9A2F}"
EndProject
Global
	GlobalSection(SolutionConfigurationPlatforms) = preSolution
		Debug|Any CPU = Debug|Any CPU
		Release|Any CPU = Release|Any CPU
	EndGlobalSection
	GlobalSection(ProjectConfigurationPlatforms) = postSolution
		{5E926560-087D-4036-B281-9F32548484FF}.Debug|Any CPU.ActiveCfg = Debug|Any CPU
		{5E926560-087D-4036-B281-9F32548484FF}.Debug|Any CPU.Build.0 = Debug|Any CPU
		{5E926560-087D-4036-B281-9F32548484FF}.Debug|Any CPU.Deploy.0 = Debug|Any CPU
		{5E926560-087D-4036-B281-9F32548484FF}.Release|Any CPU.ActiveCfg = Release|Any CPU
		{5E926560-087D-4036-B281-9F32548484FF}.Release|Any CPU.Build.0 = Release|Any CPU
		{5E926560-087D-4036-B281-9F32548484FF}.Release|Any CPU.Deploy.0 = Release|Any CPU
		{FC80DDF5-9963-406B-B356-2B219B1E459F}.Debug|Any CPU.ActiveCfg = Debug|Any CPU
		{FC80DDF5-9963-406B-B356-2B219B1E459F}.Debug|Any CPU.Build.0 = Debug|Any CPU
		{FC80DDF5-9963-406B-B356-2B219B1E459F}.Release|Any CPU.ActiveCfg = Release|Any CPU
		{FC80DDF5-9963-406B-B356-2B219B1E459F}.Release|Any CPU.Build.0 = Release|Any CPU
		{9FF7692B-2BE4-423A-A18C-4D96C0CC9A2F}.Debug|Any CPU.ActiveCfg = Debug|Any CPU
		{9FF7692B-2BE4-423A-A18C-4D96C0CC9A2F}.Debug|Any CPU.Build.0 = Debug|Any CPU
		{9FF7692B-2BE4-423A-A18C-4D96C0CC9A2F}.Release|Any CPU.ActiveCfg = Release|Any CPU
		{9FF7692B-2BE4-423A-A18C-4D96C0CC9A2F}.Release|Any CPU.Build.0 = Release|Any CPU
	EndGlobalSection
	GlobalSection(SolutionProperties) = preSolution
		HideSolutionNode = FALSE
	EndGlobalSection
	GlobalSection(ExtensibilityGlobals) = postSolution
		SolutionGuid = {85C40C7B-6C49-4911-A8ED-E9A1B591F5AA}
	EndGlobalSection
EndGlobal
